
Microsoft Visual Studio Solution File, Format Version 12.00
Project("{FAE04EC0-301F-11D3-BF4B-00C04F79EFBC}") = "DigitalRoots.Api", "DigitalRoots.Api\DigitalRoots.Api.csproj", "{9B6F6D33-0C79-4B47-8CE9-D9BBB2D95C55}"
EndProject
Project("{FAE04EC0-301F-11D3-BF4B-00C04F79EFBC}") = "DigitalRoots.Persistence", "DigitalRoots.Persistence\DigitalRoots.Persistence.csproj", "{E9B41164-10D0-4B27-B9C7-A0947EC83A0D}"
EndProject
Project("{FAE04EC0-301F-11D3-BF4B-00C04F79EFBC}") = "DigitalRoots.Models", "DigitalRoots.Models\DigitalRoots.Models.csproj", "{54012EE1-9125-444D-9655-5EE5A4E91225}"
EndProject
Project("{FAE04EC0-301F-11D3-BF4B-00C04F79EFBC}") = "DigitalRoots.Utils", "DigitalRoots.Utils\DigitalRoots.Utils.csproj", "{5CA74875-8DAF-43F4-843D-5C837A20DC1C}"
EndProject
Project("{FAE04EC0-301F-11D3-BF4B-00C04F79EFBC}") = "DigitalRoots.Bussiness", "DigitalRoots.Bussiness\DigitalRoots.Bussiness.csproj", "{8F3AB74B-E3AC-40C8-AEA2-49A6E92AFC4B}"
EndProject
Global
	GlobalSection(SolutionConfigurationPlatforms) = preSolution
		Debug|Any CPU = Debug|Any CPU
		Release|Any CPU = Release|Any CPU
	EndGlobalSection
	GlobalSection(ProjectConfigurationPlatforms) = postSolution
		{9B6F6D33-0C79-4B47-8CE9-D9BBB2D95C55}.Debug|Any CPU.ActiveCfg = Debug|Any CPU
		{9B6F6D33-0C79-4B47-8CE9-D9BBB2D95C55}.Debug|Any CPU.Build.0 = Debug|Any CPU
		{9B6F6D33-0C79-4B47-8CE9-D9BBB2D95C55}.Release|Any CPU.ActiveCfg = Release|Any CPU
		{9B6F6D33-0C79-4B47-8CE9-D9BBB2D95C55}.Release|Any CPU.Build.0 = Release|Any CPU
		{E9B41164-10D0-4B27-B9C7-A0947EC83A0D}.Debug|Any CPU.ActiveCfg = Debug|Any CPU
		{E9B41164-10D0-4B27-B9C7-A0947EC83A0D}.Debug|Any CPU.Build.0 = Debug|Any CPU
		{E9B41164-10D0-4B27-B9C7-A0947EC83A0D}.Release|Any CPU.ActiveCfg = Release|Any CPU
		{E9B41164-10D0-4B27-B9C7-A0947EC83A0D}.Release|Any CPU.Build.0 = Release|Any CPU
		{54012EE1-9125-444D-9655-5EE5A4E91225}.Debug|Any CPU.ActiveCfg = Debug|Any CPU
		{54012EE1-9125-444D-9655-5EE5A4E91225}.Debug|Any CPU.Build.0 = Debug|Any CPU
		{54012EE1-9125-444D-9655-5EE5A4E91225}.Release|Any CPU.ActiveCfg = Release|Any CPU
		{54012EE1-9125-444D-9655-5EE5A4E91225}.Release|Any CPU.Build.0 = Release|Any CPU
		{5CA74875-8DAF-43F4-843D-5C837A20DC1C}.Debug|Any CPU.ActiveCfg = Debug|Any CPU
		{5CA74875-8DAF-43F4-843D-5C837A20DC1C}.Debug|Any CPU.Build.0 = Debug|Any CPU
		{5CA74875-8DAF-43F4-843D-5C837A20DC1C}.Release|Any CPU.ActiveCfg = Release|Any CPU
		{5CA74875-8DAF-43F4-843D-5C837A20DC1C}.Release|Any CPU.Build.0 = Release|Any CPU
		{8F3AB74B-E3AC-40C8-AEA2-49A6E92AFC4B}.Debug|Any CPU.ActiveCfg = Debug|Any CPU
		{8F3AB74B-E3AC-40C8-AEA2-49A6E92AFC4B}.Debug|Any CPU.Build.0 = Debug|Any CPU
		{8F3AB74B-E3AC-40C8-AEA2-49A6E92AFC4B}.Release|Any CPU.ActiveCfg = Release|Any CPU
		{8F3AB74B-E3AC-40C8-AEA2-49A6E92AFC4B}.Release|Any CPU.Build.0 = Release|Any CPU
	EndGlobalSection
EndGlobal
